
Microsoft Visual Studio Solution File, Format Version 11.00
# Visual Studio 2010
Project("{FAE04EC0-301F-11D3-BF4B-00C04F79EFBC}") = "Assembly-CSharp", "Assembly-CSharp.csproj", "{37DC03D7-DCFF-7B21-8B20-D1D507C66896}"
EndProject
Project("{FAE04EC0-301F-11D3-BF4B-00C04F79EFBC}") = "Assembly-CSharp-Editor", "Assembly-CSharp-Editor.csproj", "{F8435FE0-708D-94B3-29D3-DA2E2BE8F133}"
EndProject
Global
	GlobalSection(SolutionConfigurationPlatforms) = preSolution
		Debug|Any CPU = Debug|Any CPU
		Release|Any CPU = Release|Any CPU
	EndGlobalSection
	GlobalSection(ProjectConfigurationPlatforms) = postSolution
		{37DC03D7-DCFF-7B21-8B20-D1D507C66896}.Debug|Any CPU.ActiveCfg = Debug|Any CPU
		{37DC03D7-DCFF-7B21-8B20-D1D507C66896}.Debug|Any CPU.Build.0 = Debug|Any CPU
		{37DC03D7-DCFF-7B21-8B20-D1D507C66896}.Release|Any CPU.ActiveCfg = Release|Any CPU
		{37DC03D7-DCFF-7B21-8B20-D1D507C66896}.Release|Any CPU.Build.0 = Release|Any CPU
		{F8435FE0-708D-94B3-29D3-DA2E2BE8F133}.Debug|Any CPU.ActiveCfg = Debug|Any CPU
		{F8435FE0-708D-94B3-29D3-DA2E2BE8F133}.Debug|Any CPU.Build.0 = Debug|Any CPU
		{F8435FE0-708D-94B3-29D3-DA2E2BE8F133}.Release|Any CPU.ActiveCfg = Release|Any CPU
		{F8435FE0-708D-94B3-29D3-DA2E2BE8F133}.Release|Any CPU.Build.0 = Release|Any CPU
	EndGlobalSection
	GlobalSection(SolutionProperties) = preSolution
		HideSolutionNode = FALSE
	EndGlobalSection
EndGlobal
